
Microsoft Visual Studio Solution File, Format Version 12.00
# Visual Studio 15
VisualStudioVersion = 15.0.27703.2026
MinimumVisualStudioVersion = 10.0.40219.1
Project("{8BC9CEB8-8B4A-11D0-8D11-00A0C91BC942}") = "LearnOpenGL", "LearnOpenGL\LearnOpenGL.vcxproj", "{B12702AD-ABFB-343A-A199-8E24837244A3}"
	ProjectSection(ProjectDependencies) = postProject
		{D0B4C208-9FDF-4B4A-A967-4BBC72986DC3} = {D0B4C208-9FDF-4B4A-A967-4BBC72986DC3}
	EndProjectSection
EndProject
Project("{8BC9CEB8-8B4A-11D0-8D11-00A0C91BC942}") = "OpenGL_src", "OpenGL_src\OpenGL_src.vcxproj", "{D0B4C208-9FDF-4B4A-A967-4BBC72986DC3}"
EndProject
Project("{8BC9CEB8-8B4A-11D0-8D11-00A0C91BC942}") = "OpenGL_Test", "OpenGL_Test\OpenGL_Test.vcxproj", "{E4ACE0EB-C79B-4128-93CC-AE3FA59828A4}"
EndProject
Global
	GlobalSection(SolutionConfigurationPlatforms) = preSolution
		Debug|x64 = Debug|x64
		Debug|x86 = Debug|x86
		Release|x64 = Release|x64
		Release|x86 = Release|x86
	EndGlobalSection
	GlobalSection(ProjectConfigurationPlatforms) = postSolution
		{B12702AD-ABFB-343A-A199-8E24837244A3}.Debug|x64.ActiveCfg = Debug|x64
		{B12702AD-ABFB-343A-A199-8E24837244A3}.Debug|x64.Build.0 = Debug|x64
		{B12702AD-ABFB-343A-A199-8E24837244A3}.Debug|x86.ActiveCfg = Debug|x64
		{B12702AD-ABFB-343A-A199-8E24837244A3}.Release|x64.ActiveCfg = Release|x64
		{B12702AD-ABFB-343A-A199-8E24837244A3}.Release|x64.Build.0 = Release|x64
		{B12702AD-ABFB-343A-A199-8E24837244A3}.Release|x86.ActiveCfg = Release|x64
		{D0B4C208-9FDF-4B4A-A967-4BBC72986DC3}.Debug|x64.ActiveCfg = Debug|x64
		{D0B4C208-9FDF-4B4A-A967-4BBC72986DC3}.Debug|x64.Build.0 = Debug|x64
		{D0B4C208-9FDF-4B4A-A967-4BBC72986DC3}.Debug|x86.ActiveCfg = Debug|Win32
		{D0B4C208-9FDF-4B4A-A967-4BBC72986DC3}.Debug|x86.Build.0 = Debug|Win32
		{D0B4C208-9FDF-4B4A-A967-4BBC72986DC3}.Release|x64.ActiveCfg = Release|x64
		{D0B4C208-9FDF-4B4A-A967-4BBC72986DC3}.Release|x64.Build.0 = Release|x64
		{D0B4C208-9FDF-4B4A-A967-4BBC72986DC3}.Release|x86.ActiveCfg = Release|Win32
		{D0B4C208-9FDF-4B4A-A967-4BBC72986DC3}.Release|x86.Build.0 = Release|Win32
		{E4ACE0EB-C79B-4128-93CC-AE3FA59828A4}.Debug|x64.ActiveCfg = Debug|x64
		{E4ACE0EB-C79B-4128-93CC-AE3FA59828A4}.Debug|x64.Build.0 = Debug|x64
		{E4ACE0EB-C79B-4128-93CC-AE3FA59828A4}.Debug|x86.ActiveCfg = Debug|Win32
		{E4ACE0EB-C79B-4128-93CC-AE3FA59828A4}.Debug|x86.Build.0 = Debug|Win32
		{E4ACE0EB-C79B-4128-93CC-AE3FA59828A4}.Release|x64.ActiveCfg = Release|x64
		{E4ACE0EB-C79B-4128-93CC-AE3FA59828A4}.Release|x64.Build.0 = Release|x64
		{E4ACE0EB-C79B-4128-93CC-AE3FA59828A4}.Release|x86.ActiveCfg = Release|Win32
		{E4ACE0EB-C79B-4128-93CC-AE3FA59828A4}.Release|x86.Build.0 = Release|Win32
	EndGlobalSection
	GlobalSection(SolutionProperties) = preSolution
		HideSolutionNode = FALSE
	EndGlobalSection
	GlobalSection(ExtensibilityGlobals) = postSolution
		SolutionGuid = {E792B958-AFCE-4F38-BA9E-F8479FAF89E4}
	EndGlobalSection
EndGlobal
