<?xml version="1.0" encoding="utf-8"?>
<Project ToolsVersion="4.0" xmlns="http://schemas.microsoft.com/developer/msbuild/2003">
  <ItemGroup>
    <Filter Include="源文件">
      <UniqueIdentifier>{4FC737F1-C7A5-4376-A066-2A32D752A2FF}</UniqueIdentifier>
      <Extensions>cpp;c;cc;cxx;def;odl;idl;hpj;bat;asm;asmx</Extensions>
    </Filter>
    <Filter Include="头文件">
      <UniqueIdentifier>{93995380-89BD-4b04-88EB-625FBE52EBFB}</UniqueIdentifier>
      <Extensions>h;hh;hpp;hxx;hm;inl;inc;ipp;xsd</Extensions>
    </Filter>
    <Filter Include="资源文件">
      <UniqueIdentifier>{67DA6AB6-F800-4c08-8B7A-83BB121AAD01}</UniqueIdentifier>
      <Extensions>rc;ico;cur;bmp;dlg;rc2;rct;bin;rgs;gif;jpg;jpeg;jpe;resx;tiff;tif;png;wav;mfcribbon-ms</Extensions>
    </Filter>
    <Filter Include="1.getting_start">
      <UniqueIdentifier>{28e6056a-40a3-4a9f-b34a-e3e65e4afe52}</UniqueIdentifier>
    </Filter>
    <Filter Include="1.getting_start\shaders">
      <UniqueIdentifier>{0e2aee79-9f9d-4b41-8045-bd76b93d071f}</UniqueIdentifier>
    </Filter>
    <Filter Include="2.lighting">
      <UniqueIdentifier>{d047764c-4a96-46ff-ae0b-1f33b6da3446}</UniqueIdentifier>
    </Filter>
    <Filter Include="2.lighting\shaders">
      <UniqueIdentifier>{c106cf27-ceda-44c1-b3be-8728aa13a4ef}</UniqueIdentifier>
    </Filter>
    <Filter Include="3.advance_opengl">
      <UniqueIdentifier>{995f79f4-ff06-440b-b109-b403290c785d}</UniqueIdentifier>
    </Filter>
    <Filter Include="3.advance_opengl\shaders">
      <UniqueIdentifier>{4bd2c1d1-2c74-4d22-8b0a-6945a8e90e61}</UniqueIdentifier>
    </Filter>
  </ItemGroup>
  <ItemGroup>
    <ClCompile Include="..\..\ThirdParty\src\glad.c">
      <Filter>源文件</Filter>
    </ClCompile>
    <ClCompile Include="1.getting_start\3.1.shaders_uniform.cpp">
      <Filter>1.getting_start</Filter>
    </ClCompile>
    <ClCompile Include="Shader.cpp">
      <Filter>源文件</Filter>
    </ClCompile>
    <ClCompile Include="1.getting_start\4.1.textures.cpp">
      <Filter>1.getting_start</Filter>
    </ClCompile>
    <ClCompile Include="stb_image.cpp">
      <Filter>源文件</Filter>
    </ClCompile>
    <ClCompile Include="Camera.cpp">
      <Filter>源文件</Filter>
    </ClCompile>
    <ClCompile Include="1.getting_start\7.3.camera.cpp">
      <Filter>1.getting_start</Filter>
    </ClCompile>
    <ClCompile Include="Trackball.cpp">
      <Filter>源文件</Filter>
    </ClCompile>
    <ClCompile Include="2.lighting\1.base_lighting.cpp">
      <Filter>2.lighting</Filter>
    </ClCompile>
    <ClCompile Include="2.lighting\2.material.cpp">
      <Filter>2.lighting</Filter>
    </ClCompile>
    <ClCompile Include="2.lighting\3.lighting_maps.cpp">
      <Filter>2.lighting</Filter>
    </ClCompile>
    <ClCompile Include="2.lighting\4.light_caster.cpp">
      <Filter>2.lighting</Filter>
    </ClCompile>
    <ClCompile Include="2.lighting\5.multiple_lights.cpp">
      <Filter>2.lighting</Filter>
    </ClCompile>
    <ClCompile Include="Mesh.cpp">
      <Filter>源文件</Filter>
    </ClCompile>
    <ClCompile Include="Model.cpp">
      <Filter>源文件</Filter>
    </ClCompile>
    <ClCompile Include="2.lighting\6.model_loading.cpp">
      <Filter>2.lighting</Filter>
    </ClCompile>
    <ClCompile Include="3.advance_opengl\1.depth_testing.cpp">
      <Filter>3.advance_opengl</Filter>
    </ClCompile>
    <ClCompile Include="3.advance_opengl\2.stencil_testing.cpp">
      <Filter>3.advance_opengl</Filter>
    </ClCompile>
    <ClCompile Include="3.advance_opengl\Ex_stencil_testing.cpp">
      <Filter>3.advance_opengl</Filter>
    </ClCompile>
  </ItemGroup>
  <ItemGroup>
    <None Include="1.getting_start\3.1.shaders_uniform.h">
      <Filter>1.getting_start</Filter>
    </None>
    <None Include="1.getting_start\4.1.textures.h">
      <Filter>1.getting_start</Filter>
    </None>
    <None Include="1.getting_start\shaders\4.1.textures.frag">
      <Filter>1.getting_start\shaders</Filter>
    </None>
    <None Include="1.getting_start\shaders\4.1.textures.vert">
      <Filter>1.getting_start\shaders</Filter>
    </None>
    <None Include="1.getting_start\shaders\7.3.camera_mouse_zoom.vert">
      <Filter>1.getting_start\shaders</Filter>
    </None>
    <None Include="1.getting_start\shaders\7.3.camera_mouse_zoom.frag">
      <Filter>1.getting_start\shaders</Filter>
    </None>
    <None Include="2.lighting\shaders\2.material.vert">
      <Filter>2.lighting\shaders</Filter>
    </None>
    <None Include="2.lighting\shaders\2.material.frag">
      <Filter>2.lighting\shaders</Filter>
    </None>
    <None Include="2.lighting\shaders\5.multiple_lights.vert">
      <Filter>2.lighting\shaders</Filter>
    </None>
    <None Include="2.lighting\shaders\5.multiple_lights.frag">
      <Filter>2.lighting\shaders</Filter>
    </None>
    <None Include="2.lighting\shaders\4.light_caster.vert">
      <Filter>2.lighting\shaders</Filter>
    </None>
    <None Include="2.lighting\shaders\4.light_caster.frag">
      <Filter>2.lighting\shaders</Filter>
    </None>
    <None Include="2.lighting\shaders\3.lighting_maps.vert">
      <Filter>2.lighting\shaders</Filter>
    </None>
    <None Include="2.lighting\shaders\3.lighting_maps.frag">
      <Filter>2.lighting\shaders</Filter>
    </None>
    <None Include="2.lighting\shaders\1.1.lamp.vert">
      <Filter>2.lighting\shaders</Filter>
    </None>
    <None Include="2.lighting\shaders\1.1.base_lighting.frag">
      <Filter>2.lighting\shaders</Filter>
    </None>
    <None Include="2.lighting\shaders\1.1.base_lighting.vert">
      <Filter>2.lighting\shaders</Filter>
    </None>
    <None Include="2.lighting\shaders\1.1.lamp.frag">
      <Filter>2.lighting\shaders</Filter>
    </None>
    <None Include="2.lighting\6.model_loading.h">
      <Filter>2.lighting</Filter>
    </None>
    <None Include="2.lighting\shaders\6.model_loading.vert">
      <Filter>2.lighting\shaders</Filter>
    </None>
    <None Include="2.lighting\shaders\6.model_loading.frag">
      <Filter>2.lighting\shaders</Filter>
    </None>
    <None Include="3.advance_opengl\1.depth_testing.h">
      <Filter>3.advance_opengl</Filter>
    </None>
    <None Include="3.advance_opengl\shaders\1.depth_testing.vert">
      <Filter>3.advance_opengl\shaders</Filter>
    </None>
    <None Include="3.advance_opengl\shaders\2.stencil_testing.vert">
      <Filter>3.advance_opengl\shaders</Filter>
    </None>
    <None Include="3.advance_opengl\shaders\2.stencil_testing.frag">
      <Filter>3.advance_opengl\shaders</Filter>
    </None>
    <None Include="3.advance_opengl\shaders\2.stencil_single_color.frag">
      <Filter>3.advance_opengl\shaders</Filter>
    </None>
    <None Include="3.advance_opengl\shaders\1.depth_testing.frag">
      <Filter>3.advance_opengl\shaders</Filter>
    </None>
    <None Include="3.advance_opengl\shaders\ex_stencil_testing.frag">
      <Filter>3.advance_opengl\shaders</Filter>
    </None>
    <None Include="3.advance_opengl\shaders\ex_stencil_testing.vert">
      <Filter>3.advance_opengl\shaders</Filter>
    </None>
  </ItemGroup>
  <ItemGroup>
    <ClInclude Include="Shader.h">
      <Filter>头文件</Filter>
    </ClInclude>
    <ClInclude Include="Camera.h">
      <Filter>头文件</Filter>
    </ClInclude>
    <ClInclude Include="1.getting_start\7.3.camera.h">
      <Filter>1.getting_start</Filter>
    </ClInclude>
    <ClInclude Include="Trackball.h">
      <Filter>头文件</Filter>
    </ClInclude>
    <ClInclude Include="2.lighting\1.base_lighting.h">
      <Filter>2.lighting</Filter>
    </ClInclude>
    <ClInclude Include="2.lighting\2.material.h">
      <Filter>2.lighting</Filter>
    </ClInclude>
    <ClInclude Include="2.lighting\3.lighting_maps.h">
      <Filter>2.lighting</Filter>
    </ClInclude>
    <ClInclude Include="2.lighting\4.light_caster.h">
      <Filter>2.lighting</Filter>
    </ClInclude>
    <ClInclude Include="2.lighting\5.multiple_lights.h">
      <Filter>2.lighting</Filter>
    </ClInclude>
    <ClInclude Include="Vertices.h">
      <Filter>头文件</Filter>
    </ClInclude>
    <ClInclude Include="Mesh.h">
      <Filter>头文件</Filter>
    </ClInclude>
    <ClInclude Include="Model.h">
      <Filter>头文件</Filter>
    </ClInclude>
    <ClInclude Include="3.advance_opengl\2.stencil_testing.h">
      <Filter>3.advance_opengl</Filter>
    </ClInclude>
    <ClInclude Include="3.advance_opengl\Ex_stencil_testing.h">
      <Filter>3.advance_opengl</Filter>
    </ClInclude>
  </ItemGroup>
</Project>